
Microsoft Visual Studio Solution File, Format Version 12.00
# Visual Studio 2013
VisualStudioVersion = 12.0.21005.1
MinimumVisualStudioVersion = 10.0.40219.1
Project("{FAE04EC0-301F-11D3-BF4B-00C04F79EFBC}") = "ShooterForFunWin8", "ShooterForFunWin8\ShooterForFunWin8.csproj", "{E5794D4B-7832-448C-8AED-8B4889500BB7}"
	ProjectSection(ProjectDependencies) = postProject
		{0F4CF597-4F39-406C-B178-998764789160} = {0F4CF597-4F39-406C-B178-998764789160}
	EndProjectSection
EndProject
Project("{FAE04EC0-301F-11D3-BF4B-00C04F79EFBC}") = "ShooterForFunWP8", "ShooterForFunWP8\ShooterForFunWP8.csproj", "{CBB16EF0-C696-4B17-A110-BEC7A38D579D}"
	ProjectSection(ProjectDependencies) = postProject
		{0F4CF597-4F39-406C-B178-998764789160} = {0F4CF597-4F39-406C-B178-998764789160}
	EndProjectSection
EndProject
Project("{FAE04EC0-301F-11D3-BF4B-00C04F79EFBC}") = "ShooterPipeline", "ShooterPipeline\ShooterPipeline\ShooterPipeline.csproj", "{0F4CF597-4F39-406C-B178-998764789160}"
EndProject
Project("{FAE04EC0-301F-11D3-BF4B-00C04F79EFBC}") = "ShooterPipelineContent", "ShooterPipeline\ShooterPipelineContent\ShooterPipelineContent.contentproj", "{11BC5274-A29C-4E81-82CB-93B0301E05CA}"
EndProject
Project("{FAE04EC0-301F-11D3-BF4B-00C04F79EFBC}") = "ShooterForFunLibraries", "ShooterForFunLibraries\ShooterForFunLibraries.csproj", "{39DE88AE-833A-4AEF-98E9-BA630BB9A7AA}"
EndProject
Global
	GlobalSection(TeamFoundationVersionControl) = preSolution
		SccNumberOfProjects = 6
		SccEnterpriseProvider = {4CA58AB2-18FA-4F8D-95D4-32DDF27D184C}
		SccTeamFoundationServer = https://nexuscore.visualstudio.com/defaultcollection
		SccLocalPath0 = .
		SccProjectUniqueName1 = ShooterForFunLibraries\\ShooterForFunLibraries.csproj
		SccProjectName1 = ShooterForFunLibraries
		SccLocalPath1 = ShooterForFunLibraries
		SccProjectUniqueName2 = ShooterForFunWin8\\ShooterForFunWin8.csproj
		SccProjectName2 = ShooterForFunWin8
		SccLocalPath2 = ShooterForFunWin8
		SccProjectUniqueName3 = ShooterForFunWP8\\ShooterForFunWP8.csproj
		SccProjectName3 = ShooterForFunWP8
		SccLocalPath3 = ShooterForFunWP8
		SccProjectUniqueName4 = ShooterPipeline\\ShooterPipeline\\ShooterPipeline.csproj
		SccProjectName4 = ShooterPipeline/ShooterPipeline
		SccLocalPath4 = ShooterPipeline\\ShooterPipeline
		SccProjectUniqueName5 = ShooterPipeline\\ShooterPipelineContent\\ShooterPipelineContent.contentproj
		SccProjectName5 = ShooterPipeline/ShooterPipelineContent
		SccLocalPath5 = ShooterPipeline\\ShooterPipelineContent
	EndGlobalSection
	GlobalSection(SolutionConfigurationPlatforms) = preSolution
		Android|Any CPU = Android|Any CPU
		Android|ARM = Android|ARM
		Android|Mixed Platforms = Android|Mixed Platforms
		Android|x64 = Android|x64
		Android|x86 = Android|x86
		Debug|Any CPU = Debug|Any CPU
		Debug|ARM = Debug|ARM
		Debug|Mixed Platforms = Debug|Mixed Platforms
		Debug|x64 = Debug|x64
		Debug|x86 = Debug|x86
		iOS|Any CPU = iOS|Any CPU
		iOS|ARM = iOS|ARM
		iOS|Mixed Platforms = iOS|Mixed Platforms
		iOS|x64 = iOS|x64
		iOS|x86 = iOS|x86
		Linux|Any CPU = Linux|Any CPU
		Linux|ARM = Linux|ARM
		Linux|Mixed Platforms = Linux|Mixed Platforms
		Linux|x64 = Linux|x64
		Linux|x86 = Linux|x86
		OSX|Any CPU = OSX|Any CPU
		OSX|ARM = OSX|ARM
		OSX|Mixed Platforms = OSX|Mixed Platforms
		OSX|x64 = OSX|x64
		OSX|x86 = OSX|x86
		PSM|Any CPU = PSM|Any CPU
		PSM|ARM = PSM|ARM
		PSM|Mixed Platforms = PSM|Mixed Platforms
		PSM|x64 = PSM|x64
		PSM|x86 = PSM|x86
		Release|Any CPU = Release|Any CPU
		Release|ARM = Release|ARM
		Release|Mixed Platforms = Release|Mixed Platforms
		Release|x64 = Release|x64
		Release|x86 = Release|x86
		Windows|Any CPU = Windows|Any CPU
		Windows|ARM = Windows|ARM
		Windows|Mixed Platforms = Windows|Mixed Platforms
		Windows|x64 = Windows|x64
		Windows|x86 = Windows|x86
		Windows8|Any CPU = Windows8|Any CPU
		Windows8|ARM = Windows8|ARM
		Windows8|Mixed Platforms = Windows8|Mixed Platforms
		Windows8|x64 = Windows8|x64
		Windows8|x86 = Windows8|x86
	EndGlobalSection
	GlobalSection(ProjectConfigurationPlatforms) = postSolution
		{E5794D4B-7832-448C-8AED-8B4889500BB7}.Android|Any CPU.ActiveCfg = Release|Any CPU
		{E5794D4B-7832-448C-8AED-8B4889500BB7}.Android|Any CPU.Build.0 = Release|Any CPU
		{E5794D4B-7832-448C-8AED-8B4889500BB7}.Android|Any CPU.Deploy.0 = Release|Any CPU
		{E5794D4B-7832-448C-8AED-8B4889500BB7}.Android|ARM.ActiveCfg = Release|ARM
		{E5794D4B-7832-448C-8AED-8B4889500BB7}.Android|ARM.Build.0 = Release|ARM
		{E5794D4B-7832-448C-8AED-8B4889500BB7}.Android|ARM.Deploy.0 = Release|ARM
		{E5794D4B-7832-448C-8AED-8B4889500BB7}.Android|Mixed Platforms.ActiveCfg = Release|x86
		{E5794D4B-7832-448C-8AED-8B4889500BB7}.Android|Mixed Platforms.Build.0 = Release|x86
		{E5794D4B-7832-448C-8AED-8B4889500BB7}.Android|Mixed Platforms.Deploy.0 = Release|x86
		{E5794D4B-7832-448C-8AED-8B4889500BB7}.Android|x64.ActiveCfg = Release|x64
		{E5794D4B-7832-448C-8AED-8B4889500BB7}.Android|x64.Build.0 = Release|x64
		{E5794D4B-7832-448C-8AED-8B4889500BB7}.Android|x64.Deploy.0 = Release|x64
		{E5794D4B-7832-448C-8AED-8B4889500BB7}.Android|x86.ActiveCfg = Release|x86
		{E5794D4B-7832-448C-8AED-8B4889500BB7}.Android|x86.Build.0 = Release|x86
		{E5794D4B-7832-448C-8AED-8B4889500BB7}.Android|x86.Deploy.0 = Release|x86
		{E5794D4B-7832-448C-8AED-8B4889500BB7}.Debug|Any CPU.ActiveCfg = Debug|Any CPU
		{E5794D4B-7832-448C-8AED-8B4889500BB7}.Debug|Any CPU.Build.0 = Debug|Any CPU
		{E5794D4B-7832-448C-8AED-8B4889500BB7}.Debug|Any CPU.Deploy.0 = Debug|Any CPU
		{E5794D4B-7832-448C-8AED-8B4889500BB7}.Debug|ARM.ActiveCfg = Debug|ARM
		{E5794D4B-7832-448C-8AED-8B4889500BB7}.Debug|ARM.Build.0 = Debug|ARM
		{E5794D4B-7832-448C-8AED-8B4889500BB7}.Debug|ARM.Deploy.0 = Debug|ARM
		{E5794D4B-7832-448C-8AED-8B4889500BB7}.Debug|Mixed Platforms.ActiveCfg = Debug|x86
		{E5794D4B-7832-448C-8AED-8B4889500BB7}.Debug|Mixed Platforms.Build.0 = Debug|x86
		{E5794D4B-7832-448C-8AED-8B4889500BB7}.Debug|Mixed Platforms.Deploy.0 = Debug|x86
		{E5794D4B-7832-448C-8AED-8B4889500BB7}.Debug|x64.ActiveCfg = Debug|x64
		{E5794D4B-7832-448C-8AED-8B4889500BB7}.Debug|x64.Build.0 = Debug|x64
		{E5794D4B-7832-448C-8AED-8B4889500BB7}.Debug|x64.Deploy.0 = Debug|x64
		{E5794D4B-7832-448C-8AED-8B4889500BB7}.Debug|x86.ActiveCfg = Debug|x86
		{E5794D4B-7832-448C-8AED-8B4889500BB7}.Debug|x86.Build.0 = Debug|x86
		{E5794D4B-7832-448C-8AED-8B4889500BB7}.Debug|x86.Deploy.0 = Debug|x86
		{E5794D4B-7832-448C-8AED-8B4889500BB7}.iOS|Any CPU.ActiveCfg = Release|Any CPU
		{E5794D4B-7832-448C-8AED-8B4889500BB7}.iOS|Any CPU.Build.0 = Release|Any CPU
		{E5794D4B-7832-448C-8AED-8B4889500BB7}.iOS|Any CPU.Deploy.0 = Release|Any CPU
		{E5794D4B-7832-448C-8AED-8B4889500BB7}.iOS|ARM.ActiveCfg = Release|ARM
		{E5794D4B-7832-448C-8AED-8B4889500BB7}.iOS|ARM.Build.0 = Release|ARM
		{E5794D4B-7832-448C-8AED-8B4889500BB7}.iOS|ARM.Deploy.0 = Release|ARM
		{E5794D4B-7832-448C-8AED-8B4889500BB7}.iOS|Mixed Platforms.ActiveCfg = Release|x86
		{E5794D4B-7832-448C-8AED-8B4889500BB7}.iOS|Mixed Platforms.Build.0 = Release|x86
		{E5794D4B-7832-448C-8AED-8B4889500BB7}.iOS|Mixed Platforms.Deploy.0 = Release|x86
		{E5794D4B-7832-448C-8AED-8B4889500BB7}.iOS|x64.ActiveCfg = Release|x64
		{E5794D4B-7832-448C-8AED-8B4889500BB7}.iOS|x64.Build.0 = Release|x64
		{E5794D4B-7832-448C-8AED-8B4889500BB7}.iOS|x64.Deploy.0 = Release|x64
		{E5794D4B-7832-448C-8AED-8B4889500BB7}.iOS|x86.ActiveCfg = Release|x86
		{E5794D4B-7832-448C-8AED-8B4889500BB7}.iOS|x86.Build.0 = Release|x86
		{E5794D4B-7832-448C-8AED-8B4889500BB7}.iOS|x86.Deploy.0 = Release|x86
		{E5794D4B-7832-448C-8AED-8B4889500BB7}.Linux|Any CPU.ActiveCfg = Release|Any CPU
		{E5794D4B-7832-448C-8AED-8B4889500BB7}.Linux|Any CPU.Build.0 = Release|Any CPU
		{E5794D4B-7832-448C-8AED-8B4889500BB7}.Linux|Any CPU.Deploy.0 = Release|Any CPU
		{E5794D4B-7832-448C-8AED-8B4889500BB7}.Linux|ARM.ActiveCfg = Release|ARM
		{E5794D4B-7832-448C-8AED-8B4889500BB7}.Linux|ARM.Build.0 = Release|ARM
		{E5794D4B-7832-448C-8AED-8B4889500BB7}.Linux|ARM.Deploy.0 = Release|ARM
		{E5794D4B-7832-448C-8AED-8B4889500BB7}.Linux|Mixed Platforms.ActiveCfg = Release|x86
		{E5794D4B-7832-448C-8AED-8B4889500BB7}.Linux|Mixed Platforms.Build.0 = Release|x86
		{E5794D4B-7832-448C-8AED-8B4889500BB7}.Linux|Mixed Platforms.Deploy.0 = Release|x86
		{E5794D4B-7832-448C-8AED-8B4889500BB7}.Linux|x64.ActiveCfg = Release|x64
		{E5794D4B-7832-448C-8AED-8B4889500BB7}.Linux|x64.Build.0 = Release|x64
		{E5794D4B-7832-448C-8AED-8B4889500BB7}.Linux|x64.Deploy.0 = Release|x64
		{E5794D4B-7832-448C-8AED-8B4889500BB7}.Linux|x86.ActiveCfg = Release|x86
		{E5794D4B-7832-448C-8AED-8B4889500BB7}.Linux|x86.Build.0 = Release|x86
		{E5794D4B-7832-448C-8AED-8B4889500BB7}.Linux|x86.Deploy.0 = Release|x86
		{E5794D4B-7832-448C-8AED-8B4889500BB7}.OSX|Any CPU.ActiveCfg = Release|Any CPU
		{E5794D4B-7832-448C-8AED-8B4889500BB7}.OSX|Any CPU.Build.0 = Release|Any CPU
		{E5794D4B-7832-448C-8AED-8B4889500BB7}.OSX|Any CPU.Deploy.0 = Release|Any CPU
		{E5794D4B-7832-448C-8AED-8B4889500BB7}.OSX|ARM.ActiveCfg = Release|ARM
		{E5794D4B-7832-448C-8AED-8B4889500BB7}.OSX|ARM.Build.0 = Release|ARM
		{E5794D4B-7832-448C-8AED-8B4889500BB7}.OSX|ARM.Deploy.0 = Release|ARM
		{E5794D4B-7832-448C-8AED-8B4889500BB7}.OSX|Mixed Platforms.ActiveCfg = Release|x86
		{E5794D4B-7832-448C-8AED-8B4889500BB7}.OSX|Mixed Platforms.Build.0 = Release|x86
		{E5794D4B-7832-448C-8AED-8B4889500BB7}.OSX|Mixed Platforms.Deploy.0 = Release|x86
		{E5794D4B-7832-448C-8AED-8B4889500BB7}.OSX|x64.ActiveCfg = Release|x64
		{E5794D4B-7832-448C-8AED-8B4889500BB7}.OSX|x64.Build.0 = Release|x64
		{E5794D4B-7832-448C-8AED-8B4889500BB7}.OSX|x64.Deploy.0 = Release|x64
		{E5794D4B-7832-448C-8AED-8B4889500BB7}.OSX|x86.ActiveCfg = Release|x86
		{E5794D4B-7832-448C-8AED-8B4889500BB7}.OSX|x86.Build.0 = Release|x86
		{E5794D4B-7832-448C-8AED-8B4889500BB7}.OSX|x86.Deploy.0 = Release|x86
		{E5794D4B-7832-448C-8AED-8B4889500BB7}.PSM|Any CPU.ActiveCfg = Release|Any CPU
		{E5794D4B-7832-448C-8AED-8B4889500BB7}.PSM|Any CPU.Build.0 = Release|Any CPU
		{E5794D4B-7832-448C-8AED-8B4889500BB7}.PSM|Any CPU.Deploy.0 = Release|Any CPU
		{E5794D4B-7832-448C-8AED-8B4889500BB7}.PSM|ARM.ActiveCfg = Release|ARM
		{E5794D4B-7832-448C-8AED-8B4889500BB7}.PSM|ARM.Build.0 = Release|ARM
		{E5794D4B-7832-448C-8AED-8B4889500BB7}.PSM|ARM.Deploy.0 = Release|ARM
		{E5794D4B-7832-448C-8AED-8B4889500BB7}.PSM|Mixed Platforms.ActiveCfg = Release|x86
		{E5794D4B-7832-448C-8AED-8B4889500BB7}.PSM|Mixed Platforms.Build.0 = Release|x86
		{E5794D4B-7832-448C-8AED-8B4889500BB7}.PSM|Mixed Platforms.Deploy.0 = Release|x86
		{E5794D4B-7832-448C-8AED-8B4889500BB7}.PSM|x64.ActiveCfg = Release|x64
		{E5794D4B-7832-448C-8AED-8B4889500BB7}.PSM|x64.Build.0 = Release|x64
		{E5794D4B-7832-448C-8AED-8B4889500BB7}.PSM|x64.Deploy.0 = Release|x64
		{E5794D4B-7832-448C-8AED-8B4889500BB7}.PSM|x86.ActiveCfg = Release|x86
		{E5794D4B-7832-448C-8AED-8B4889500BB7}.PSM|x86.Build.0 = Release|x86
		{E5794D4B-7832-448C-8AED-8B4889500BB7}.PSM|x86.Deploy.0 = Release|x86
		{E5794D4B-7832-448C-8AED-8B4889500BB7}.Release|Any CPU.ActiveCfg = Release|Any CPU
		{E5794D4B-7832-448C-8AED-8B4889500BB7}.Release|Any CPU.Build.0 = Release|Any CPU
		{E5794D4B-7832-448C-8AED-8B4889500BB7}.Release|Any CPU.Deploy.0 = Release|Any CPU
		{E5794D4B-7832-448C-8AED-8B4889500BB7}.Release|ARM.ActiveCfg = Release|ARM
		{E5794D4B-7832-448C-8AED-8B4889500BB7}.Release|ARM.Build.0 = Release|ARM
		{E5794D4B-7832-448C-8AED-8B4889500BB7}.Release|ARM.Deploy.0 = Release|ARM
		{E5794D4B-7832-448C-8AED-8B4889500BB7}.Release|Mixed Platforms.ActiveCfg = Release|x86
		{E5794D4B-7832-448C-8AED-8B4889500BB7}.Release|Mixed Platforms.Build.0 = Release|x86
		{E5794D4B-7832-448C-8AED-8B4889500BB7}.Release|Mixed Platforms.Deploy.0 = Release|x86
		{E5794D4B-7832-448C-8AED-8B4889500BB7}.Release|x64.ActiveCfg = Release|x64
		{E5794D4B-7832-448C-8AED-8B4889500BB7}.Release|x64.Build.0 = Release|x64
		{E5794D4B-7832-448C-8AED-8B4889500BB7}.Release|x64.Deploy.0 = Release|x64
		{E5794D4B-7832-448C-8AED-8B4889500BB7}.Release|x86.ActiveCfg = Release|x86
		{E5794D4B-7832-448C-8AED-8B4889500BB7}.Release|x86.Build.0 = Release|x86
		{E5794D4B-7832-448C-8AED-8B4889500BB7}.Release|x86.Deploy.0 = Release|x86
		{E5794D4B-7832-448C-8AED-8B4889500BB7}.Windows|Any CPU.ActiveCfg = Release|Any CPU
		{E5794D4B-7832-448C-8AED-8B4889500BB7}.Windows|Any CPU.Build.0 = Release|Any CPU
		{E5794D4B-7832-448C-8AED-8B4889500BB7}.Windows|Any CPU.Deploy.0 = Release|Any CPU
		{E5794D4B-7832-448C-8AED-8B4889500BB7}.Windows|ARM.ActiveCfg = Release|ARM
		{E5794D4B-7832-448C-8AED-8B4889500BB7}.Windows|ARM.Build.0 = Release|ARM
		{E5794D4B-7832-448C-8AED-8B4889500BB7}.Windows|ARM.Deploy.0 = Release|ARM
		{E5794D4B-7832-448C-8AED-8B4889500BB7}.Windows|Mixed Platforms.ActiveCfg = Release|x86
		{E5794D4B-7832-448C-8AED-8B4889500BB7}.Windows|Mixed Platforms.Build.0 = Release|x86
		{E5794D4B-7832-448C-8AED-8B4889500BB7}.Windows|Mixed Platforms.Deploy.0 = Release|x86
		{E5794D4B-7832-448C-8AED-8B4889500BB7}.Windows|x64.ActiveCfg = Release|x64
		{E5794D4B-7832-448C-8AED-8B4889500BB7}.Windows|x64.Build.0 = Release|x64
		{E5794D4B-7832-448C-8AED-8B4889500BB7}.Windows|x64.Deploy.0 = Release|x64
		{E5794D4B-7832-448C-8AED-8B4889500BB7}.Windows|x86.ActiveCfg = Release|x86
		{E5794D4B-7832-448C-8AED-8B4889500BB7}.Windows|x86.Build.0 = Release|x86
		{E5794D4B-7832-448C-8AED-8B4889500BB7}.Windows|x86.Deploy.0 = Release|x86
		{E5794D4B-7832-448C-8AED-8B4889500BB7}.Windows8|Any CPU.ActiveCfg = Release|Any CPU
		{E5794D4B-7832-448C-8AED-8B4889500BB7}.Windows8|Any CPU.Build.0 = Release|Any CPU
		{E5794D4B-7832-448C-8AED-8B4889500BB7}.Windows8|Any CPU.Deploy.0 = Release|Any CPU
		{E5794D4B-7832-448C-8AED-8B4889500BB7}.Windows8|ARM.ActiveCfg = Release|ARM
		{E5794D4B-7832-448C-8AED-8B4889500BB7}.Windows8|ARM.Build.0 = Release|ARM
		{E5794D4B-7832-448C-8AED-8B4889500BB7}.Windows8|ARM.Deploy.0 = Release|ARM
		{E5794D4B-7832-448C-8AED-8B4889500BB7}.Windows8|Mixed Platforms.ActiveCfg = Release|x86
		{E5794D4B-7832-448C-8AED-8B4889500BB7}.Windows8|Mixed Platforms.Build.0 = Release|x86
		{E5794D4B-7832-448C-8AED-8B4889500BB7}.Windows8|Mixed Platforms.Deploy.0 = Release|x86
		{E5794D4B-7832-448C-8AED-8B4889500BB7}.Windows8|x64.ActiveCfg = Release|x64
		{E5794D4B-7832-448C-8AED-8B4889500BB7}.Windows8|x64.Build.0 = Release|x64
		{E5794D4B-7832-448C-8AED-8B4889500BB7}.Windows8|x64.Deploy.0 = Release|x64
		{E5794D4B-7832-448C-8AED-8B4889500BB7}.Windows8|x86.ActiveCfg = Release|x86
		{E5794D4B-7832-448C-8AED-8B4889500BB7}.Windows8|x86.Build.0 = Release|x86
		{E5794D4B-7832-448C-8AED-8B4889500BB7}.Windows8|x86.Deploy.0 = Release|x86
		{CBB16EF0-C696-4B17-A110-BEC7A38D579D}.Android|Any CPU.ActiveCfg = Release|x86
		{CBB16EF0-C696-4B17-A110-BEC7A38D579D}.Android|ARM.ActiveCfg = Release|ARM
		{CBB16EF0-C696-4B17-A110-BEC7A38D579D}.Android|ARM.Build.0 = Release|ARM
		{CBB16EF0-C696-4B17-A110-BEC7A38D579D}.Android|ARM.Deploy.0 = Release|ARM
		{CBB16EF0-C696-4B17-A110-BEC7A38D579D}.Android|Mixed Platforms.ActiveCfg = Release|x86
		{CBB16EF0-C696-4B17-A110-BEC7A38D579D}.Android|Mixed Platforms.Build.0 = Release|x86
		{CBB16EF0-C696-4B17-A110-BEC7A38D579D}.Android|Mixed Platforms.Deploy.0 = Release|x86
		{CBB16EF0-C696-4B17-A110-BEC7A38D579D}.Android|x64.ActiveCfg = Release|x86
		{CBB16EF0-C696-4B17-A110-BEC7A38D579D}.Android|x86.ActiveCfg = Release|x86
		{CBB16EF0-C696-4B17-A110-BEC7A38D579D}.Android|x86.Build.0 = Release|x86
		{CBB16EF0-C696-4B17-A110-BEC7A38D579D}.Android|x86.Deploy.0 = Release|x86
		{CBB16EF0-C696-4B17-A110-BEC7A38D579D}.Debug|Any CPU.ActiveCfg = Debug|ARM
		{CBB16EF0-C696-4B17-A110-BEC7A38D579D}.Debug|Any CPU.Build.0 = Debug|ARM
		{CBB16EF0-C696-4B17-A110-BEC7A38D579D}.Debug|Any CPU.Deploy.0 = Debug|ARM
		{CBB16EF0-C696-4B17-A110-BEC7A38D579D}.Debug|ARM.ActiveCfg = Debug|ARM
		{CBB16EF0-C696-4B17-A110-BEC7A38D579D}.Debug|ARM.Build.0 = Debug|ARM
		{CBB16EF0-C696-4B17-A110-BEC7A38D579D}.Debug|ARM.Deploy.0 = Debug|ARM
		{CBB16EF0-C696-4B17-A110-BEC7A38D579D}.Debug|Mixed Platforms.ActiveCfg = Debug|ARM
		{CBB16EF0-C696-4B17-A110-BEC7A38D579D}.Debug|Mixed Platforms.Build.0 = Debug|ARM
		{CBB16EF0-C696-4B17-A110-BEC7A38D579D}.Debug|Mixed Platforms.Deploy.0 = Debug|ARM
		{CBB16EF0-C696-4B17-A110-BEC7A38D579D}.Debug|x64.ActiveCfg = Debug|x86
		{CBB16EF0-C696-4B17-A110-BEC7A38D579D}.Debug|x86.ActiveCfg = Debug|x86
		{CBB16EF0-C696-4B17-A110-BEC7A38D579D}.Debug|x86.Build.0 = Debug|x86
		{CBB16EF0-C696-4B17-A110-BEC7A38D579D}.Debug|x86.Deploy.0 = Debug|x86
		{CBB16EF0-C696-4B17-A110-BEC7A38D579D}.iOS|Any CPU.ActiveCfg = Release|x86
		{CBB16EF0-C696-4B17-A110-BEC7A38D579D}.iOS|ARM.ActiveCfg = Release|ARM
		{CBB16EF0-C696-4B17-A110-BEC7A38D579D}.iOS|ARM.Build.0 = Release|ARM
		{CBB16EF0-C696-4B17-A110-BEC7A38D579D}.iOS|ARM.Deploy.0 = Release|ARM
		{CBB16EF0-C696-4B17-A110-BEC7A38D579D}.iOS|Mixed Platforms.ActiveCfg = Release|x86
		{CBB16EF0-C696-4B17-A110-BEC7A38D579D}.iOS|Mixed Platforms.Build.0 = Release|x86
		{CBB16EF0-C696-4B17-A110-BEC7A38D579D}.iOS|Mixed Platforms.Deploy.0 = Release|x86
		{CBB16EF0-C696-4B17-A110-BEC7A38D579D}.iOS|x64.ActiveCfg = Release|x86
		{CBB16EF0-C696-4B17-A110-BEC7A38D579D}.iOS|x86.ActiveCfg = Release|x86
		{CBB16EF0-C696-4B17-A110-BEC7A38D579D}.iOS|x86.Build.0 = Release|x86
		{CBB16EF0-C696-4B17-A110-BEC7A38D579D}.iOS|x86.Deploy.0 = Release|x86
		{CBB16EF0-C696-4B17-A110-BEC7A38D579D}.Linux|Any CPU.ActiveCfg = Release|x86
		{CBB16EF0-C696-4B17-A110-BEC7A38D579D}.Linux|ARM.ActiveCfg = Release|ARM
		{CBB16EF0-C696-4B17-A110-BEC7A38D579D}.Linux|ARM.Build.0 = Release|ARM
		{CBB16EF0-C696-4B17-A110-BEC7A38D579D}.Linux|ARM.Deploy.0 = Release|ARM
		{CBB16EF0-C696-4B17-A110-BEC7A38D579D}.Linux|Mixed Platforms.ActiveCfg = Release|x86
		{CBB16EF0-C696-4B17-A110-BEC7A38D579D}.Linux|Mixed Platforms.Build.0 = Release|x86
		{CBB16EF0-C696-4B17-A110-BEC7A38D579D}.Linux|Mixed Platforms.Deploy.0 = Release|x86
		{CBB16EF0-C696-4B17-A110-BEC7A38D579D}.Linux|x64.ActiveCfg = Release|x86
		{CBB16EF0-C696-4B17-A110-BEC7A38D579D}.Linux|x86.ActiveCfg = Release|x86
		{CBB16EF0-C696-4B17-A110-BEC7A38D579D}.Linux|x86.Build.0 = Release|x86
		{CBB16EF0-C696-4B17-A110-BEC7A38D579D}.Linux|x86.Deploy.0 = Release|x86
		{CBB16EF0-C696-4B17-A110-BEC7A38D579D}.OSX|Any CPU.ActiveCfg = Release|x86
		{CBB16EF0-C696-4B17-A110-BEC7A38D579D}.OSX|ARM.ActiveCfg = Release|ARM
		{CBB16EF0-C696-4B17-A110-BEC7A38D579D}.OSX|ARM.Build.0 = Release|ARM
		{CBB16EF0-C696-4B17-A110-BEC7A38D579D}.OSX|ARM.Deploy.0 = Release|ARM
		{CBB16EF0-C696-4B17-A110-BEC7A38D579D}.OSX|Mixed Platforms.ActiveCfg = Release|x86
		{CBB16EF0-C696-4B17-A110-BEC7A38D579D}.OSX|Mixed Platforms.Build.0 = Release|x86
		{CBB16EF0-C696-4B17-A110-BEC7A38D579D}.OSX|Mixed Platforms.Deploy.0 = Release|x86
		{CBB16EF0-C696-4B17-A110-BEC7A38D579D}.OSX|x64.ActiveCfg = Release|x86
		{CBB16EF0-C696-4B17-A110-BEC7A38D579D}.OSX|x86.ActiveCfg = Release|x86
		{CBB16EF0-C696-4B17-A110-BEC7A38D579D}.OSX|x86.Build.0 = Release|x86
		{CBB16EF0-C696-4B17-A110-BEC7A38D579D}.OSX|x86.Deploy.0 = Release|x86
		{CBB16EF0-C696-4B17-A110-BEC7A38D579D}.PSM|Any CPU.ActiveCfg = Release|x86
		{CBB16EF0-C696-4B17-A110-BEC7A38D579D}.PSM|ARM.ActiveCfg = Release|ARM
		{CBB16EF0-C696-4B17-A110-BEC7A38D579D}.PSM|ARM.Build.0 = Release|ARM
		{CBB16EF0-C696-4B17-A110-BEC7A38D579D}.PSM|ARM.Deploy.0 = Release|ARM
		{CBB16EF0-C696-4B17-A110-BEC7A38D579D}.PSM|Mixed Platforms.ActiveCfg = Release|x86
		{CBB16EF0-C696-4B17-A110-BEC7A38D579D}.PSM|Mixed Platforms.Build.0 = Release|x86
		{CBB16EF0-C696-4B17-A110-BEC7A38D579D}.PSM|Mixed Platforms.Deploy.0 = Release|x86
		{CBB16EF0-C696-4B17-A110-BEC7A38D579D}.PSM|x64.ActiveCfg = Release|x86
		{CBB16EF0-C696-4B17-A110-BEC7A38D579D}.PSM|x86.ActiveCfg = Release|x86
		{CBB16EF0-C696-4B17-A110-BEC7A38D579D}.PSM|x86.Build.0 = Release|x86
		{CBB16EF0-C696-4B17-A110-BEC7A38D579D}.PSM|x86.Deploy.0 = Release|x86
		{CBB16EF0-C696-4B17-A110-BEC7A38D579D}.Release|Any CPU.ActiveCfg = Release|x86
		{CBB16EF0-C696-4B17-A110-BEC7A38D579D}.Release|ARM.ActiveCfg = Release|ARM
		{CBB16EF0-C696-4B17-A110-BEC7A38D579D}.Release|ARM.Build.0 = Release|ARM
		{CBB16EF0-C696-4B17-A110-BEC7A38D579D}.Release|ARM.Deploy.0 = Release|ARM
		{CBB16EF0-C696-4B17-A110-BEC7A38D579D}.Release|Mixed Platforms.ActiveCfg = Release|x86
		{CBB16EF0-C696-4B17-A110-BEC7A38D579D}.Release|Mixed Platforms.Build.0 = Release|x86
		{CBB16EF0-C696-4B17-A110-BEC7A38D579D}.Release|Mixed Platforms.Deploy.0 = Release|x86
		{CBB16EF0-C696-4B17-A110-BEC7A38D579D}.Release|x64.ActiveCfg = Release|x86
		{CBB16EF0-C696-4B17-A110-BEC7A38D579D}.Release|x86.ActiveCfg = Release|x86
		{CBB16EF0-C696-4B17-A110-BEC7A38D579D}.Release|x86.Build.0 = Release|x86
		{CBB16EF0-C696-4B17-A110-BEC7A38D579D}.Release|x86.Deploy.0 = Release|x86
		{CBB16EF0-C696-4B17-A110-BEC7A38D579D}.Windows|Any CPU.ActiveCfg = Release|x86
		{CBB16EF0-C696-4B17-A110-BEC7A38D579D}.Windows|ARM.ActiveCfg = Release|ARM
		{CBB16EF0-C696-4B17-A110-BEC7A38D579D}.Windows|ARM.Build.0 = Release|ARM
		{CBB16EF0-C696-4B17-A110-BEC7A38D579D}.Windows|ARM.Deploy.0 = Release|ARM
		{CBB16EF0-C696-4B17-A110-BEC7A38D579D}.Windows|Mixed Platforms.ActiveCfg = Release|x86
		{CBB16EF0-C696-4B17-A110-BEC7A38D579D}.Windows|Mixed Platforms.Build.0 = Release|x86
		{CBB16EF0-C696-4B17-A110-BEC7A38D579D}.Windows|Mixed Platforms.Deploy.0 = Release|x86
		{CBB16EF0-C696-4B17-A110-BEC7A38D579D}.Windows|x64.ActiveCfg = Release|x86
		{CBB16EF0-C696-4B17-A110-BEC7A38D579D}.Windows|x86.ActiveCfg = Release|x86
		{CBB16EF0-C696-4B17-A110-BEC7A38D579D}.Windows|x86.Build.0 = Release|x86
		{CBB16EF0-C696-4B17-A110-BEC7A38D579D}.Windows|x86.Deploy.0 = Release|x86
		{CBB16EF0-C696-4B17-A110-BEC7A38D579D}.Windows8|Any CPU.ActiveCfg = Release|x86
		{CBB16EF0-C696-4B17-A110-BEC7A38D579D}.Windows8|ARM.ActiveCfg = Release|ARM
		{CBB16EF0-C696-4B17-A110-BEC7A38D579D}.Windows8|ARM.Build.0 = Release|ARM
		{CBB16EF0-C696-4B17-A110-BEC7A38D579D}.Windows8|ARM.Deploy.0 = Release|ARM
		{CBB16EF0-C696-4B17-A110-BEC7A38D579D}.Windows8|Mixed Platforms.ActiveCfg = Release|x86
		{CBB16EF0-C696-4B17-A110-BEC7A38D579D}.Windows8|Mixed Platforms.Build.0 = Release|x86
		{CBB16EF0-C696-4B17-A110-BEC7A38D579D}.Windows8|Mixed Platforms.Deploy.0 = Release|x86
		{CBB16EF0-C696-4B17-A110-BEC7A38D579D}.Windows8|x64.ActiveCfg = Release|x86
		{CBB16EF0-C696-4B17-A110-BEC7A38D579D}.Windows8|x86.ActiveCfg = Release|x86
		{CBB16EF0-C696-4B17-A110-BEC7A38D579D}.Windows8|x86.Build.0 = Release|x86
		{CBB16EF0-C696-4B17-A110-BEC7A38D579D}.Windows8|x86.Deploy.0 = Release|x86
		{0F4CF597-4F39-406C-B178-998764789160}.Android|Any CPU.ActiveCfg = Android|Any CPU
		{0F4CF597-4F39-406C-B178-998764789160}.Android|Any CPU.Build.0 = Android|Any CPU
		{0F4CF597-4F39-406C-B178-998764789160}.Android|ARM.ActiveCfg = Android|Any CPU
		{0F4CF597-4F39-406C-B178-998764789160}.Android|Mixed Platforms.ActiveCfg = Android|Any CPU
		{0F4CF597-4F39-406C-B178-998764789160}.Android|Mixed Platforms.Build.0 = Android|Any CPU
		{0F4CF597-4F39-406C-B178-998764789160}.Android|x64.ActiveCfg = Android|Any CPU
		{0F4CF597-4F39-406C-B178-998764789160}.Android|x86.ActiveCfg = Android|Any CPU
		{0F4CF597-4F39-406C-B178-998764789160}.Debug|Any CPU.ActiveCfg = PSM|Any CPU
		{0F4CF597-4F39-406C-B178-998764789160}.Debug|Any CPU.Build.0 = PSM|Any CPU
		{0F4CF597-4F39-406C-B178-998764789160}.Debug|ARM.ActiveCfg = PSM|Any CPU
		{0F4CF597-4F39-406C-B178-998764789160}.Debug|Mixed Platforms.ActiveCfg = PSM|Any CPU
		{0F4CF597-4F39-406C-B178-998764789160}.Debug|Mixed Platforms.Build.0 = PSM|Any CPU
		{0F4CF597-4F39-406C-B178-998764789160}.Debug|x64.ActiveCfg = PSM|Any CPU
		{0F4CF597-4F39-406C-B178-998764789160}.Debug|x86.ActiveCfg = PSM|Any CPU
		{0F4CF597-4F39-406C-B178-998764789160}.iOS|Any CPU.ActiveCfg = iOS|Any CPU
		{0F4CF597-4F39-406C-B178-998764789160}.iOS|Any CPU.Build.0 = iOS|Any CPU
		{0F4CF597-4F39-406C-B178-998764789160}.iOS|ARM.ActiveCfg = iOS|Any CPU
		{0F4CF597-4F39-406C-B178-998764789160}.iOS|Mixed Platforms.ActiveCfg = iOS|Any CPU
		{0F4CF597-4F39-406C-B178-998764789160}.iOS|Mixed Platforms.Build.0 = iOS|Any CPU
		{0F4CF597-4F39-406C-B178-998764789160}.iOS|x64.ActiveCfg = iOS|Any CPU
		{0F4CF597-4F39-406C-B178-998764789160}.iOS|x86.ActiveCfg = iOS|Any CPU
		{0F4CF597-4F39-406C-B178-998764789160}.Linux|Any CPU.ActiveCfg = Linux|Any CPU
		{0F4CF597-4F39-406C-B178-998764789160}.Linux|Any CPU.Build.0 = Linux|Any CPU
		{0F4CF597-4F39-406C-B178-998764789160}.Linux|ARM.ActiveCfg = Linux|Any CPU
		{0F4CF597-4F39-406C-B178-998764789160}.Linux|Mixed Platforms.ActiveCfg = Linux|Any CPU
		{0F4CF597-4F39-406C-B178-998764789160}.Linux|Mixed Platforms.Build.0 = Linux|Any CPU
		{0F4CF597-4F39-406C-B178-998764789160}.Linux|x64.ActiveCfg = Linux|Any CPU
		{0F4CF597-4F39-406C-B178-998764789160}.Linux|x86.ActiveCfg = Linux|Any CPU
		{0F4CF597-4F39-406C-B178-998764789160}.OSX|Any CPU.ActiveCfg = OSX|Any CPU
		{0F4CF597-4F39-406C-B178-998764789160}.OSX|Any CPU.Build.0 = OSX|Any CPU
		{0F4CF597-4F39-406C-B178-998764789160}.OSX|ARM.ActiveCfg = OSX|Any CPU
		{0F4CF597-4F39-406C-B178-998764789160}.OSX|Mixed Platforms.ActiveCfg = OSX|Any CPU
		{0F4CF597-4F39-406C-B178-998764789160}.OSX|Mixed Platforms.Build.0 = OSX|Any CPU
		{0F4CF597-4F39-406C-B178-998764789160}.OSX|x64.ActiveCfg = OSX|Any CPU
		{0F4CF597-4F39-406C-B178-998764789160}.OSX|x86.ActiveCfg = OSX|Any CPU
		{0F4CF597-4F39-406C-B178-998764789160}.PSM|Any CPU.ActiveCfg = PSM|Any CPU
		{0F4CF597-4F39-406C-B178-998764789160}.PSM|Any CPU.Build.0 = PSM|Any CPU
		{0F4CF597-4F39-406C-B178-998764789160}.PSM|ARM.ActiveCfg = PSM|Any CPU
		{0F4CF597-4F39-406C-B178-998764789160}.PSM|Mixed Platforms.ActiveCfg = PSM|Any CPU
		{0F4CF597-4F39-406C-B178-998764789160}.PSM|Mixed Platforms.Build.0 = PSM|Any CPU
		{0F4CF597-4F39-406C-B178-998764789160}.PSM|x64.ActiveCfg = PSM|Any CPU
		{0F4CF597-4F39-406C-B178-998764789160}.PSM|x86.ActiveCfg = PSM|Any CPU
		{0F4CF597-4F39-406C-B178-998764789160}.Release|Any CPU.ActiveCfg = PSM|Any CPU
		{0F4CF597-4F39-406C-B178-998764789160}.Release|Any CPU.Build.0 = PSM|Any CPU
		{0F4CF597-4F39-406C-B178-998764789160}.Release|ARM.ActiveCfg = PSM|Any CPU
		{0F4CF597-4F39-406C-B178-998764789160}.Release|Mixed Platforms.ActiveCfg = PSM|Any CPU
		{0F4CF597-4F39-406C-B178-998764789160}.Release|Mixed Platforms.Build.0 = PSM|Any CPU
		{0F4CF597-4F39-406C-B178-998764789160}.Release|x64.ActiveCfg = PSM|Any CPU
		{0F4CF597-4F39-406C-B178-998764789160}.Release|x86.ActiveCfg = PSM|Any CPU
		{0F4CF597-4F39-406C-B178-998764789160}.Windows|Any CPU.ActiveCfg = Windows|Any CPU
		{0F4CF597-4F39-406C-B178-998764789160}.Windows|Any CPU.Build.0 = Windows|Any CPU
		{0F4CF597-4F39-406C-B178-998764789160}.Windows|ARM.ActiveCfg = Windows|Any CPU
		{0F4CF597-4F39-406C-B178-998764789160}.Windows|Mixed Platforms.ActiveCfg = Windows|Any CPU
		{0F4CF597-4F39-406C-B178-998764789160}.Windows|Mixed Platforms.Build.0 = Windows|Any CPU
		{0F4CF597-4F39-406C-B178-998764789160}.Windows|x64.ActiveCfg = Windows|Any CPU
		{0F4CF597-4F39-406C-B178-998764789160}.Windows|x86.ActiveCfg = Windows|Any CPU
		{0F4CF597-4F39-406C-B178-998764789160}.Windows8|Any CPU.ActiveCfg = Windows8|Any CPU
		{0F4CF597-4F39-406C-B178-998764789160}.Windows8|Any CPU.Build.0 = Windows8|Any CPU
		{0F4CF597-4F39-406C-B178-998764789160}.Windows8|ARM.ActiveCfg = Windows8|Any CPU
		{0F4CF597-4F39-406C-B178-998764789160}.Windows8|Mixed Platforms.ActiveCfg = Windows8|Any CPU
		{0F4CF597-4F39-406C-B178-998764789160}.Windows8|Mixed Platforms.Build.0 = Windows8|Any CPU
		{0F4CF597-4F39-406C-B178-998764789160}.Windows8|x64.ActiveCfg = Windows8|Any CPU
		{0F4CF597-4F39-406C-B178-998764789160}.Windows8|x86.ActiveCfg = Windows8|Any CPU
		{11BC5274-A29C-4E81-82CB-93B0301E05CA}.Android|Any CPU.ActiveCfg = Android|Any CPU
		{11BC5274-A29C-4E81-82CB-93B0301E05CA}.Android|ARM.ActiveCfg = Android|Any CPU
		{11BC5274-A29C-4E81-82CB-93B0301E05CA}.Android|Mixed Platforms.ActiveCfg = Android|Any CPU
		{11BC5274-A29C-4E81-82CB-93B0301E05CA}.Android|x64.ActiveCfg = Android|Any CPU
		{11BC5274-A29C-4E81-82CB-93B0301E05CA}.Android|x86.ActiveCfg = Android|Any CPU
		{11BC5274-A29C-4E81-82CB-93B0301E05CA}.Debug|Any CPU.ActiveCfg = PSM|Any CPU
		{11BC5274-A29C-4E81-82CB-93B0301E05CA}.Debug|ARM.ActiveCfg = PSM|Any CPU
		{11BC5274-A29C-4E81-82CB-93B0301E05CA}.Debug|Mixed Platforms.ActiveCfg = PSM|Any CPU
		{11BC5274-A29C-4E81-82CB-93B0301E05CA}.Debug|x64.ActiveCfg = PSM|Any CPU
		{11BC5274-A29C-4E81-82CB-93B0301E05CA}.Debug|x86.ActiveCfg = PSM|Any CPU
		{11BC5274-A29C-4E81-82CB-93B0301E05CA}.iOS|Any CPU.ActiveCfg = iOS|Any CPU
		{11BC5274-A29C-4E81-82CB-93B0301E05CA}.iOS|ARM.ActiveCfg = iOS|Any CPU
		{11BC5274-A29C-4E81-82CB-93B0301E05CA}.iOS|Mixed Platforms.ActiveCfg = iOS|Any CPU
		{11BC5274-A29C-4E81-82CB-93B0301E05CA}.iOS|x64.ActiveCfg = iOS|Any CPU
		{11BC5274-A29C-4E81-82CB-93B0301E05CA}.iOS|x86.ActiveCfg = iOS|Any CPU
		{11BC5274-A29C-4E81-82CB-93B0301E05CA}.Linux|Any CPU.ActiveCfg = Linux|Any CPU
		{11BC5274-A29C-4E81-82CB-93B0301E05CA}.Linux|ARM.ActiveCfg = Linux|Any CPU
		{11BC5274-A29C-4E81-82CB-93B0301E05CA}.Linux|Mixed Platforms.ActiveCfg = Linux|Any CPU
		{11BC5274-A29C-4E81-82CB-93B0301E05CA}.Linux|x64.ActiveCfg = Linux|Any CPU
		{11BC5274-A29C-4E81-82CB-93B0301E05CA}.Linux|x86.ActiveCfg = Linux|Any CPU
		{11BC5274-A29C-4E81-82CB-93B0301E05CA}.OSX|Any CPU.ActiveCfg = OSX|Any CPU
		{11BC5274-A29C-4E81-82CB-93B0301E05CA}.OSX|ARM.ActiveCfg = OSX|Any CPU
		{11BC5274-A29C-4E81-82CB-93B0301E05CA}.OSX|Mixed Platforms.ActiveCfg = OSX|Any CPU
		{11BC5274-A29C-4E81-82CB-93B0301E05CA}.OSX|x64.ActiveCfg = OSX|Any CPU
		{11BC5274-A29C-4E81-82CB-93B0301E05CA}.OSX|x86.ActiveCfg = OSX|Any CPU
		{11BC5274-A29C-4E81-82CB-93B0301E05CA}.PSM|Any CPU.ActiveCfg = PSM|Any CPU
		{11BC5274-A29C-4E81-82CB-93B0301E05CA}.PSM|ARM.ActiveCfg = PSM|Any CPU
		{11BC5274-A29C-4E81-82CB-93B0301E05CA}.PSM|Mixed Platforms.ActiveCfg = PSM|Any CPU
		{11BC5274-A29C-4E81-82CB-93B0301E05CA}.PSM|x64.ActiveCfg = PSM|Any CPU
		{11BC5274-A29C-4E81-82CB-93B0301E05CA}.PSM|x86.ActiveCfg = PSM|Any CPU
		{11BC5274-A29C-4E81-82CB-93B0301E05CA}.Release|Any CPU.ActiveCfg = PSM|Any CPU
		{11BC5274-A29C-4E81-82CB-93B0301E05CA}.Release|ARM.ActiveCfg = PSM|Any CPU
		{11BC5274-A29C-4E81-82CB-93B0301E05CA}.Release|Mixed Platforms.ActiveCfg = PSM|Any CPU
		{11BC5274-A29C-4E81-82CB-93B0301E05CA}.Release|x64.ActiveCfg = PSM|Any CPU
		{11BC5274-A29C-4E81-82CB-93B0301E05CA}.Release|x86.ActiveCfg = PSM|Any CPU
		{11BC5274-A29C-4E81-82CB-93B0301E05CA}.Windows|Any CPU.ActiveCfg = Windows|Any CPU
		{11BC5274-A29C-4E81-82CB-93B0301E05CA}.Windows|ARM.ActiveCfg = Windows|Any CPU
		{11BC5274-A29C-4E81-82CB-93B0301E05CA}.Windows|Mixed Platforms.ActiveCfg = Windows|Any CPU
		{11BC5274-A29C-4E81-82CB-93B0301E05CA}.Windows|x64.ActiveCfg = Windows|Any CPU
		{11BC5274-A29C-4E81-82CB-93B0301E05CA}.Windows|x86.ActiveCfg = Windows|Any CPU
		{11BC5274-A29C-4E81-82CB-93B0301E05CA}.Windows8|Any CPU.ActiveCfg = Windows8|Any CPU
		{11BC5274-A29C-4E81-82CB-93B0301E05CA}.Windows8|ARM.ActiveCfg = Windows8|Any CPU
		{11BC5274-A29C-4E81-82CB-93B0301E05CA}.Windows8|Mixed Platforms.ActiveCfg = Windows8|Any CPU
		{11BC5274-A29C-4E81-82CB-93B0301E05CA}.Windows8|x64.ActiveCfg = Windows8|Any CPU
		{11BC5274-A29C-4E81-82CB-93B0301E05CA}.Windows8|x86.ActiveCfg = Windows8|Any CPU
		{39DE88AE-833A-4AEF-98E9-BA630BB9A7AA}.Android|Any CPU.ActiveCfg = Release|Any CPU
		{39DE88AE-833A-4AEF-98E9-BA630BB9A7AA}.Android|Any CPU.Build.0 = Release|Any CPU
		{39DE88AE-833A-4AEF-98E9-BA630BB9A7AA}.Android|ARM.ActiveCfg = Release|Any CPU
		{39DE88AE-833A-4AEF-98E9-BA630BB9A7AA}.Android|Mixed Platforms.ActiveCfg = Release|Any CPU
		{39DE88AE-833A-4AEF-98E9-BA630BB9A7AA}.Android|Mixed Platforms.Build.0 = Release|Any CPU
		{39DE88AE-833A-4AEF-98E9-BA630BB9A7AA}.Android|x64.ActiveCfg = Release|Any CPU
		{39DE88AE-833A-4AEF-98E9-BA630BB9A7AA}.Android|x86.ActiveCfg = Release|Any CPU
		{39DE88AE-833A-4AEF-98E9-BA630BB9A7AA}.Debug|Any CPU.ActiveCfg = Debug|Any CPU
		{39DE88AE-833A-4AEF-98E9-BA630BB9A7AA}.Debug|Any CPU.Build.0 = Debug|Any CPU
		{39DE88AE-833A-4AEF-98E9-BA630BB9A7AA}.Debug|ARM.ActiveCfg = Debug|Any CPU
		{39DE88AE-833A-4AEF-98E9-BA630BB9A7AA}.Debug|Mixed Platforms.ActiveCfg = Debug|Any CPU
		{39DE88AE-833A-4AEF-98E9-BA630BB9A7AA}.Debug|Mixed Platforms.Build.0 = Debug|Any CPU
		{39DE88AE-833A-4AEF-98E9-BA630BB9A7AA}.Debug|x64.ActiveCfg = Debug|Any CPU
		{39DE88AE-833A-4AEF-98E9-BA630BB9A7AA}.Debug|x86.ActiveCfg = Debug|Any CPU
		{39DE88AE-833A-4AEF-98E9-BA630BB9A7AA}.iOS|Any CPU.ActiveCfg = Release|Any CPU
		{39DE88AE-833A-4AEF-98E9-BA630BB9A7AA}.iOS|Any CPU.Build.0 = Release|Any CPU
		{39DE88AE-833A-4AEF-98E9-BA630BB9A7AA}.iOS|ARM.ActiveCfg = Release|Any CPU
		{39DE88AE-833A-4AEF-98E9-BA630BB9A7AA}.iOS|Mixed Platforms.ActiveCfg = Release|Any CPU
		{39DE88AE-833A-4AEF-98E9-BA630BB9A7AA}.iOS|Mixed Platforms.Build.0 = Release|Any CPU
		{39DE88AE-833A-4AEF-98E9-BA630BB9A7AA}.iOS|x64.ActiveCfg = Release|Any CPU
		{39DE88AE-833A-4AEF-98E9-BA630BB9A7AA}.iOS|x86.ActiveCfg = Release|Any CPU
		{39DE88AE-833A-4AEF-98E9-BA630BB9A7AA}.Linux|Any CPU.ActiveCfg = Release|Any CPU
		{39DE88AE-833A-4AEF-98E9-BA630BB9A7AA}.Linux|Any CPU.Build.0 = Release|Any CPU
		{39DE88AE-833A-4AEF-98E9-BA630BB9A7AA}.Linux|ARM.ActiveCfg = Release|Any CPU
		{39DE88AE-833A-4AEF-98E9-BA630BB9A7AA}.Linux|Mixed Platforms.ActiveCfg = Release|Any CPU
		{39DE88AE-833A-4AEF-98E9-BA630BB9A7AA}.Linux|Mixed Platforms.Build.0 = Release|Any CPU
		{39DE88AE-833A-4AEF-98E9-BA630BB9A7AA}.Linux|x64.ActiveCfg = Release|Any CPU
		{39DE88AE-833A-4AEF-98E9-BA630BB9A7AA}.Linux|x86.ActiveCfg = Release|Any CPU
		{39DE88AE-833A-4AEF-98E9-BA630BB9A7AA}.OSX|Any CPU.ActiveCfg = Release|Any CPU
		{39DE88AE-833A-4AEF-98E9-BA630BB9A7AA}.OSX|Any CPU.Build.0 = Release|Any CPU
		{39DE88AE-833A-4AEF-98E9-BA630BB9A7AA}.OSX|ARM.ActiveCfg = Release|Any CPU
		{39DE88AE-833A-4AEF-98E9-BA630BB9A7AA}.OSX|Mixed Platforms.ActiveCfg = Release|Any CPU
		{39DE88AE-833A-4AEF-98E9-BA630BB9A7AA}.OSX|Mixed Platforms.Build.0 = Release|Any CPU
		{39DE88AE-833A-4AEF-98E9-BA630BB9A7AA}.OSX|x64.ActiveCfg = Release|Any CPU
		{39DE88AE-833A-4AEF-98E9-BA630BB9A7AA}.OSX|x86.ActiveCfg = Release|Any CPU
		{39DE88AE-833A-4AEF-98E9-BA630BB9A7AA}.PSM|Any CPU.ActiveCfg = Release|Any CPU
		{39DE88AE-833A-4AEF-98E9-BA630BB9A7AA}.PSM|Any CPU.Build.0 = Release|Any CPU
		{39DE88AE-833A-4AEF-98E9-BA630BB9A7AA}.PSM|ARM.ActiveCfg = Release|Any CPU
		{39DE88AE-833A-4AEF-98E9-BA630BB9A7AA}.PSM|Mixed Platforms.ActiveCfg = Release|Any CPU
		{39DE88AE-833A-4AEF-98E9-BA630BB9A7AA}.PSM|Mixed Platforms.Build.0 = Release|Any CPU
		{39DE88AE-833A-4AEF-98E9-BA630BB9A7AA}.PSM|x64.ActiveCfg = Release|Any CPU
		{39DE88AE-833A-4AEF-98E9-BA630BB9A7AA}.PSM|x86.ActiveCfg = Release|Any CPU
		{39DE88AE-833A-4AEF-98E9-BA630BB9A7AA}.Release|Any CPU.ActiveCfg = Release|Any CPU
		{39DE88AE-833A-4AEF-98E9-BA630BB9A7AA}.Release|Any CPU.Build.0 = Release|Any CPU
		{39DE88AE-833A-4AEF-98E9-BA630BB9A7AA}.Release|ARM.ActiveCfg = Release|Any CPU
		{39DE88AE-833A-4AEF-98E9-BA630BB9A7AA}.Release|Mixed Platforms.ActiveCfg = Release|Any CPU
		{39DE88AE-833A-4AEF-98E9-BA630BB9A7AA}.Release|Mixed Platforms.Build.0 = Release|Any CPU
		{39DE88AE-833A-4AEF-98E9-BA630BB9A7AA}.Release|x64.ActiveCfg = Release|Any CPU
		{39DE88AE-833A-4AEF-98E9-BA630BB9A7AA}.Release|x86.ActiveCfg = Release|Any CPU
		{39DE88AE-833A-4AEF-98E9-BA630BB9A7AA}.Windows|Any CPU.ActiveCfg = Release|Any CPU
		{39DE88AE-833A-4AEF-98E9-BA630BB9A7AA}.Windows|Any CPU.Build.0 = Release|Any CPU
		{39DE88AE-833A-4AEF-98E9-BA630BB9A7AA}.Windows|ARM.ActiveCfg = Release|Any CPU
		{39DE88AE-833A-4AEF-98E9-BA630BB9A7AA}.Windows|Mixed Platforms.ActiveCfg = Release|Any CPU
		{39DE88AE-833A-4AEF-98E9-BA630BB9A7AA}.Windows|Mixed Platforms.Build.0 = Release|Any CPU
		{39DE88AE-833A-4AEF-98E9-BA630BB9A7AA}.Windows|x64.ActiveCfg = Release|Any CPU
		{39DE88AE-833A-4AEF-98E9-BA630BB9A7AA}.Windows|x86.ActiveCfg = Release|Any CPU
		{39DE88AE-833A-4AEF-98E9-BA630BB9A7AA}.Windows8|Any CPU.ActiveCfg = Release|Any CPU
		{39DE88AE-833A-4AEF-98E9-BA630BB9A7AA}.Windows8|Any CPU.Build.0 = Release|Any CPU
		{39DE88AE-833A-4AEF-98E9-BA630BB9A7AA}.Windows8|ARM.ActiveCfg = Release|Any CPU
		{39DE88AE-833A-4AEF-98E9-BA630BB9A7AA}.Windows8|Mixed Platforms.ActiveCfg = Release|Any CPU
		{39DE88AE-833A-4AEF-98E9-BA630BB9A7AA}.Windows8|Mixed Platforms.Build.0 = Release|Any CPU
		{39DE88AE-833A-4AEF-98E9-BA630BB9A7AA}.Windows8|x64.ActiveCfg = Release|Any CPU
		{39DE88AE-833A-4AEF-98E9-BA630BB9A7AA}.Windows8|x86.ActiveCfg = Release|Any CPU
	EndGlobalSection
	GlobalSection(SolutionProperties) = preSolution
		HideSolutionNode = FALSE
	EndGlobalSection
EndGlobal
